
Microsoft Visual Studio Solution File, Format Version 12.00
# Visual Studio Version 17
VisualStudioVersion = 17.13.35825.156 d17.13
MinimumVisualStudioVersion = 10.0.40219.1
Project("{FAE04EC0-301F-11D3-BF4B-00C04F79EFBC}") = "Presentation", "Presentation\Presentation.csproj", "{34DFF4BC-EE24-4652-919E-630B1E1DF5AF}"
EndProject
Project("{FAE04EC0-301F-11D3-BF4B-00C04F79EFBC}") = "Infrastructure", "Infrastructure\Infrastructure.csproj", "{53CDD6C5-7E5C-40FB-8CAD-3836C3BC1AAE}"
EndProject
Project("{FAE04EC0-301F-11D3-BF4B-00C04F79EFBC}") = "Entities", "Entities\Entities.csproj", "{6249F2C5-51CD-46DD-8F06-026341E3DC49}"
EndProject
Project("{FAE04EC0-301F-11D3-BF4B-00C04F79EFBC}") = "Application", "Application\Application.csproj", "{BC3A261F-AB3D-41DB-A19D-11897C6933B7}"
EndProject
Global
	GlobalSection(SolutionConfigurationPlatforms) = preSolution
		Debug|Any CPU = Debug|Any CPU
		Release|Any CPU = Release|Any CPU
	EndGlobalSection
	GlobalSection(ProjectConfigurationPlatforms) = postSolution
		{34DFF4BC-EE24-4652-919E-630B1E1DF5AF}.Debug|Any CPU.ActiveCfg = Debug|Any CPU
		{34DFF4BC-EE24-4652-919E-630B1E1DF5AF}.Debug|Any CPU.Build.0 = Debug|Any CPU
		{34DFF4BC-EE24-4652-919E-630B1E1DF5AF}.Release|Any CPU.ActiveCfg = Release|Any CPU
		{34DFF4BC-EE24-4652-919E-630B1E1DF5AF}.Release|Any CPU.Build.0 = Release|Any CPU
		{53CDD6C5-7E5C-40FB-8CAD-3836C3BC1AAE}.Debug|Any CPU.ActiveCfg = Debug|Any CPU
		{53CDD6C5-7E5C-40FB-8CAD-3836C3BC1AAE}.Debug|Any CPU.Build.0 = Debug|Any CPU
		{53CDD6C5-7E5C-40FB-8CAD-3836C3BC1AAE}.Release|Any CPU.ActiveCfg = Release|Any CPU
		{53CDD6C5-7E5C-40FB-8CAD-3836C3BC1AAE}.Release|Any CPU.Build.0 = Release|Any CPU
		{6249F2C5-51CD-46DD-8F06-026341E3DC49}.Debug|Any CPU.ActiveCfg = Debug|Any CPU
		{6249F2C5-51CD-46DD-8F06-026341E3DC49}.Debug|Any CPU.Build.0 = Debug|Any CPU
		{6249F2C5-51CD-46DD-8F06-026341E3DC49}.Release|Any CPU.ActiveCfg = Release|Any CPU
		{6249F2C5-51CD-46DD-8F06-026341E3DC49}.Release|Any CPU.Build.0 = Release|Any CPU
		{BC3A261F-AB3D-41DB-A19D-11897C6933B7}.Debug|Any CPU.ActiveCfg = Debug|Any CPU
		{BC3A261F-AB3D-41DB-A19D-11897C6933B7}.Debug|Any CPU.Build.0 = Debug|Any CPU
		{BC3A261F-AB3D-41DB-A19D-11897C6933B7}.Release|Any CPU.ActiveCfg = Release|Any CPU
		{BC3A261F-AB3D-41DB-A19D-11897C6933B7}.Release|Any CPU.Build.0 = Release|Any CPU
	EndGlobalSection
	GlobalSection(SolutionProperties) = preSolution
		HideSolutionNode = FALSE
	EndGlobalSection
	GlobalSection(ExtensibilityGlobals) = postSolution
		SolutionGuid = {A63F8903-58C7-41EC-AC0C-BAD4756C7113}
	EndGlobalSection
EndGlobal
